
Microsoft Visual Studio Solution File, Format Version 12.00
# Visual Studio Version 17
VisualStudioVersion = 17.5.002.0
MinimumVisualStudioVersion = 10.0.40219.1
Project("{9A19103F-16F7-4668-BE54-9A1E7A4F7556}") = "uppgdel1", "uppgdel1.csproj", "{E2807908-9EA7-4FFA-8705-CC4CB74570F1}"
EndProject
Global
	GlobalSection(SolutionConfigurationPlatforms) = preSolution
		Debug|Any CPU = Debug|Any CPU
		Release|Any CPU = Release|Any CPU
	EndGlobalSection
	GlobalSection(ProjectConfigurationPlatforms) = postSolution
		{E2807908-9EA7-4FFA-8705-CC4CB74570F1}.Debug|Any CPU.ActiveCfg = Debug|Any CPU
		{E2807908-9EA7-4FFA-8705-CC4CB74570F1}.Debug|Any CPU.Build.0 = Debug|Any CPU
		{E2807908-9EA7-4FFA-8705-CC4CB74570F1}.Release|Any CPU.ActiveCfg = Release|Any CPU
		{E2807908-9EA7-4FFA-8705-CC4CB74570F1}.Release|Any CPU.Build.0 = Release|Any CPU
	EndGlobalSection
	GlobalSection(SolutionProperties) = preSolution
		HideSolutionNode = FALSE
	EndGlobalSection
	GlobalSection(ExtensibilityGlobals) = postSolution
		SolutionGuid = {B64E7C6B-8559-4D18-8624-3C8AAB93B385}
	EndGlobalSection
EndGlobal
